// !$*UTF8*$!
{
	archiveVersion = 1;
	classes = {
	};
	objectVersion = 50;
	objects = {

/* Begin PBXBuildFile section */
		E7D71319243483E5005D449B /* AppDelegate.m in Sources */ = {isa = PBXBuildFile; fileRef = E7D71318243483E5005D449B /* AppDelegate.m */; };
		E7D7131C243483E5005D449B /* SceneDelegate.m in Sources */ = {isa = PBXBuildFile; fileRef = E7D7131B243483E5005D449B /* SceneDelegate.m */; };
		E7D7131F243483E5005D449B /* ViewController.m in Sources */ = {isa = PBXBuildFile; fileRef = E7D7131E243483E5005D449B /* ViewController.m */; };
		E7D71322243483E5005D449B /* Main.storyboard in Resources */ = {isa = PBXBuildFile; fileRef = E7D71320243483E5005D449B /* Main.storyboard */; };
		E7D71324243483E7005D449B /* Assets.xcassets in Resources */ = {isa = PBXBuildFile; fileRef = E7D71323243483E7005D449B /* Assets.xcassets */; };
		E7D71327243483E7005D449B /* LaunchScreen.storyboard in Resources */ = {isa = PBXBuildFile; fileRef = E7D71325243483E7005D449B /* LaunchScreen.storyboard */; };
		E7D7132A243483E7005D449B /* main.m in Sources */ = {isa = PBXBuildFile; fileRef = E7D71329243483E7005D449B /* main.m */; };
		E7D71334243483E7005D449B /* FishHOOK__Tests.m in Sources */ = {isa = PBXBuildFile; fileRef = E7D71333243483E7005D449B /* FishHOOK__Tests.m */; };
		E7D7133F243483E7005D449B /* FishHOOK__UITests.m in Sources */ = {isa = PBXBuildFile; fileRef = E7D7133E243483E7005D449B /* FishHOOK__UITests.m */; };
		E7D7134E243484A0005D449B /* fishhook.c in Sources */ = {isa = PBXBuildFile; fileRef = E7D7134D243484A0005D449B /* fishhook.c */; };
/* End PBXBuildFile section */

/* Begin PBXContainerItemProxy section */
		E7D71330243483E7005D449B /* PBXContainerItemProxy */ = {
			isa = PBXContainerItemProxy;
			containerPortal = E7D7130C243483E5005D449B /* Project object */;
			proxyType = 1;
			remoteGlobalIDString = E7D71313243483E5005D449B;
			remoteInfo = "FishHOOK防护";
		};
		E7D7133B243483E7005D449B /* PBXContainerItemProxy */ = {
			isa = PBXContainerItemProxy;
			containerPortal = E7D7130C243483E5005D449B /* Project object */;
			proxyType = 1;
			remoteGlobalIDString = E7D71313243483E5005D449B;
			remoteInfo = "FishHOOK防护";
		};
/* End PBXContainerItemProxy section */

/* Begin PBXFileReference section */
		E7D71314243483E5005D449B /* FishHOOK防护.app */ = {isa = PBXFileReference; explicitFileType = wrapper.application; includeInIndex = 0; path = "FishHOOK防护.app"; sourceTree = BUILT_PRODUCTS_DIR; };
		E7D71317243483E5005D449B /* AppDelegate.h */ = {isa = PBXFileReference; lastKnownFileType = sourcecode.c.h; path = AppDelegate.h; sourceTree = "<group>"; };
		E7D71318243483E5005D449B /* AppDelegate.m */ = {isa = PBXFileReference; lastKnownFileType = sourcecode.c.objc; path = AppDelegate.m; sourceTree = "<group>"; };
		E7D7131A243483E5005D449B /* SceneDelegate.h */ = {isa = PBXFileReference; lastKnownFileType = sourcecode.c.h; path = SceneDelegate.h; sourceTree = "<group>"; };
		E7D7131B243483E5005D449B /* SceneDelegate.m */ = {isa = PBXFileReference; lastKnownFileType = sourcecode.c.objc; path = SceneDelegate.m; sourceTree = "<group>"; };
		E7D7131D243483E5005D449B /* ViewController.h */ = {isa = PBXFileReference; lastKnownFileType = sourcecode.c.h; path = ViewController.h; sourceTree = "<group>"; };
		E7D7131E243483E5005D449B /* ViewController.m */ = {isa = PBXFileReference; lastKnownFileType = sourcecode.c.objc; path = ViewController.m; sourceTree = "<group>"; };
		E7D71321243483E5005D449B /* Base */ = {isa = PBXFileReference; lastKnownFileType = file.storyboard; name = Base; path = Base.lproj/Main.storyboard; sourceTree = "<group>"; };
		E7D71323243483E7005D449B /* Assets.xcassets */ = {isa = PBXFileReference; lastKnownFileType = folder.assetcatalog; path = Assets.xcassets; sourceTree = "<group>"; };
		E7D71326243483E7005D449B /* Base */ = {isa = PBXFileReference; lastKnownFileType = file.storyboard; name = Base; path = Base.lproj/LaunchScreen.storyboard; sourceTree = "<group>"; };
		E7D71328243483E7005D449B /* Info.plist */ = {isa = PBXFileReference; lastKnownFileType = text.plist.xml; path = Info.plist; sourceTree = "<group>"; };
		E7D71329243483E7005D449B /* main.m */ = {isa = PBXFileReference; lastKnownFileType = sourcecode.c.objc; path = main.m; sourceTree = "<group>"; };
		E7D7132F243483E7005D449B /* FishHOOK防护Tests.xctest */ = {isa = PBXFileReference; explicitFileType = wrapper.cfbundle; includeInIndex = 0; path = "FishHOOK防护Tests.xctest"; sourceTree = BUILT_PRODUCTS_DIR; };
		E7D71333243483E7005D449B /* FishHOOK__Tests.m */ = {isa = PBXFileReference; lastKnownFileType = sourcecode.c.objc; path = FishHOOK__Tests.m; sourceTree = "<group>"; };
		E7D71335243483E7005D449B /* Info.plist */ = {isa = PBXFileReference; lastKnownFileType = text.plist.xml; path = Info.plist; sourceTree = "<group>"; };
		E7D7133A243483E7005D449B /* FishHOOK防护UITests.xctest */ = {isa = PBXFileReference; explicitFileType = wrapper.cfbundle; includeInIndex = 0; path = "FishHOOK防护UITests.xctest"; sourceTree = BUILT_PRODUCTS_DIR; };
		E7D7133E243483E7005D449B /* FishHOOK__UITests.m */ = {isa = PBXFileReference; lastKnownFileType = sourcecode.c.objc; path = FishHOOK__UITests.m; sourceTree = "<group>"; };
		E7D71340243483E7005D449B /* Info.plist */ = {isa = PBXFileReference; lastKnownFileType = text.plist.xml; path = Info.plist; sourceTree = "<group>"; };
		E7D7134C243484A0005D449B /* fishhook.h */ = {isa = PBXFileReference; fileEncoding = 4; lastKnownFileType = sourcecode.c.h; path = fishhook.h; sourceTree = "<group>"; };
		E7D7134D243484A0005D449B /* fishhook.c */ = {isa = PBXFileReference; fileEncoding = 4; lastKnownFileType = sourcecode.c.c; path = fishhook.c; sourceTree = "<group>"; };
/* End PBXFileReference section */

/* Begin PBXFrameworksBuildPhase section */
		E7D71311243483E5005D449B /* Frameworks */ = {
			isa = PBXFrameworksBuildPhase;
			buildActionMask = 2147483647;
			files = (
			);
			runOnlyForDeploymentPostprocessing = 0;
		};
		E7D7132C243483E7005D449B /* Frameworks */ = {
			isa = PBXFrameworksBuildPhase;
			buildActionMask = 2147483647;
			files = (
			);
			runOnlyForDeploymentPostprocessing = 0;
		};
		E7D71337243483E7005D449B /* Frameworks */ = {
			isa = PBXFrameworksBuildPhase;
			buildActionMask = 2147483647;
			files = (
			);
			runOnlyForDeploymentPostprocessing = 0;
		};
/* End PBXFrameworksBuildPhase section */

/* Begin PBXGroup section */
		E7D7130B243483E5005D449B = {
			isa = PBXGroup;
			children = (
				E7D71316243483E5005D449B /* FishHOOK防护 */,
				E7D71332243483E7005D449B /* FishHOOK防护Tests */,
				E7D7133D243483E7005D449B /* FishHOOK防护UITests */,
				E7D71315243483E5005D449B /* Products */,
			);
			sourceTree = "<group>";
		};
		E7D71315243483E5005D449B /* Products */ = {
			isa = PBXGroup;
			children = (
				E7D71314243483E5005D449B /* FishHOOK防护.app */,
				E7D7132F243483E7005D449B /* FishHOOK防护Tests.xctest */,
				E7D7133A243483E7005D449B /* FishHOOK防护UITests.xctest */,
			);
			name = Products;
			sourceTree = "<group>";
		};
		E7D71316243483E5005D449B /* FishHOOK防护 */ = {
			isa = PBXGroup;
			children = (
				E7D71317243483E5005D449B /* AppDelegate.h */,
				E7D71318243483E5005D449B /* AppDelegate.m */,
				E7D7131A243483E5005D449B /* SceneDelegate.h */,
				E7D7131B243483E5005D449B /* SceneDelegate.m */,
				E7D7131D243483E5005D449B /* ViewController.h */,
				E7D7131E243483E5005D449B /* ViewController.m */,
				E7D7134D243484A0005D449B /* fishhook.c */,
				E7D7134C243484A0005D449B /* fishhook.h */,
				E7D71320243483E5005D449B /* Main.storyboard */,
				E7D71323243483E7005D449B /* Assets.xcassets */,
				E7D71325243483E7005D449B /* LaunchScreen.storyboard */,
				E7D71328243483E7005D449B /* Info.plist */,
				E7D71329243483E7005D449B /* main.m */,
			);
			path = "FishHOOK防护";
			sourceTree = "<group>";
		};
		E7D71332243483E7005D449B /* FishHOOK防护Tests */ = {
			isa = PBXGroup;
			children = (
				E7D71333243483E7005D449B /* FishHOOK__Tests.m */,
				E7D71335243483E7005D449B /* Info.plist */,
			);
			path = "FishHOOK防护Tests";
			sourceTree = "<group>";
		};
		E7D7133D243483E7005D449B /* FishHOOK防护UITests */ = {
			isa = PBXGroup;
			children = (
				E7D7133E243483E7005D449B /* FishHOOK__UITests.m */,
				E7D71340243483E7005D449B /* Info.plist */,
			);
			path = "FishHOOK防护UITests";
			sourceTree = "<group>";
		};
/* End PBXGroup section */

/* Begin PBXNativeTarget section */
		E7D71313243483E5005D449B /* FishHOOK防护 */ = {
			isa = PBXNativeTarget;
			buildConfigurationList = E7D71343243483E7005D449B /* Build configuration list for PBXNativeTarget "FishHOOK防护" */;
			buildPhases = (
				E7D71310243483E5005D449B /* Sources */,
				E7D71311243483E5005D449B /* Frameworks */,
				E7D71312243483E5005D449B /* Resources */,
			);
			buildRules = (
			);
			dependencies = (
			);
			name = "FishHOOK防护";
			productName = "FishHOOK防护";
			productReference = E7D71314243483E5005D449B /* FishHOOK防护.app */;
			productType = "com.apple.product-type.application";
		};
		E7D7132E243483E7005D449B /* FishHOOK防护Tests */ = {
			isa = PBXNativeTarget;
			buildConfigurationList = E7D71346243483E7005D449B /* Build configuration list for PBXNativeTarget "FishHOOK防护Tests" */;
			buildPhases = (
				E7D7132B243483E7005D449B /* Sources */,
				E7D7132C243483E7005D449B /* Frameworks */,
				E7D7132D243483E7005D449B /* Resources */,
			);
			buildRules = (
			);
			dependencies = (
				E7D71331243483E7005D449B /* PBXTargetDependency */,
			);
			name = "FishHOOK防护Tests";
			productName = "FishHOOK防护Tests";
			productReference = E7D7132F243483E7005D449B /* FishHOOK防护Tests.xctest */;
			productType = "com.apple.product-type.bundle.unit-test";
		};
		E7D71339243483E7005D449B /* FishHOOK防护UITests */ = {
			isa = PBXNativeTarget;
			buildConfigurationList = E7D71349243483E7005D449B /* Build configuration list for PBXNativeTarget "FishHOOK防护UITests" */;
			buildPhases = (
				E7D71336243483E7005D449B /* Sources */,
				E7D71337243483E7005D449B /* Frameworks */,
				E7D71338243483E7005D449B /* Resources */,
			);
			buildRules = (
			);
			dependencies = (
				E7D7133C243483E7005D449B /* PBXTargetDependency */,
			);
			name = "FishHOOK防护UITests";
			productName = "FishHOOK防护UITests";
			productReference = E7D7133A243483E7005D449B /* FishHOOK防护UITests.xctest */;
			productType = "com.apple.product-type.bundle.ui-testing";
		};
/* End PBXNativeTarget section */

/* Begin PBXProject section */
		E7D7130C243483E5005D449B /* Project object */ = {
			isa = PBXProject;
			attributes = {
				LastUpgradeCheck = 1130;
				ORGANIZATIONNAME = zhaixingzhi;
				TargetAttributes = {
					E7D71313243483E5005D449B = {
						CreatedOnToolsVersion = 11.3.1;
					};
					E7D7132E243483E7005D449B = {
						CreatedOnToolsVersion = 11.3.1;
						TestTargetID = E7D71313243483E5005D449B;
					};
					E7D71339243483E7005D449B = {
						CreatedOnToolsVersion = 11.3.1;
						TestTargetID = E7D71313243483E5005D449B;
					};
				};
			};
			buildConfigurationList = E7D7130F243483E5005D449B /* Build configuration list for PBXProject "FishHOOK防护" */;
			compatibilityVersion = "Xcode 9.3";
			developmentRegion = en;
			hasScannedForEncodings = 0;
			knownRegions = (
				en,
				Base,
			);
			mainGroup = E7D7130B243483E5005D449B;
			productRefGroup = E7D71315243483E5005D449B /* Products */;
			projectDirPath = "";
			projectRoot = "";
			targets = (
				E7D71313243483E5005D449B /* FishHOOK防护 */,
				E7D7132E243483E7005D449B /* FishHOOK防护Tests */,
				E7D71339243483E7005D449B /* FishHOOK防护UITests */,
			);
		};
/* End PBXProject section */

/* Begin PBXResourcesBuildPhase section */
		E7D71312243483E5005D449B /* Resources */ = {
			isa = PBXResourcesBuildPhase;
			buildActionMask = 2147483647;
			files = (
				E7D71327243483E7005D449B /* LaunchScreen.storyboard in Resources */,
				E7D71324243483E7005D449B /* Assets.xcassets in Resources */,
				E7D71322243483E5005D449B /* Main.storyboard in Resources */,
			);
			runOnlyForDeploymentPostprocessing = 0;
		};
		E7D7132D243483E7005D449B /* Resources */ = {
			isa = PBXResourcesBuildPhase;
			buildActionMask = 2147483647;
			files = (
			);
			runOnlyForDeploymentPostprocessing = 0;
		};
		E7D71338243483E7005D449B /* Resources */ = {
			isa = PBXResourcesBuildPhase;
			buildActionMask = 2147483647;
			files = (
			);
			runOnlyForDeploymentPostprocessing = 0;
		};
/* End PBXResourcesBuildPhase section */

/* Begin PBXSourcesBuildPhase section */
		E7D71310243483E5005D449B /* Sources */ = {
			isa = PBXSourcesBuildPhase;
			buildActionMask = 2147483647;
			files = (
				E7D7131F243483E5005D449B /* ViewController.m in Sources */,
				E7D7134E243484A0005D449B /* fishhook.c in Sources */,
				E7D71319243483E5005D449B /* AppDelegate.m in Sources */,
				E7D7132A243483E7005D449B /* main.m in Sources */,
				E7D7131C243483E5005D449B /* SceneDelegate.m in Sources */,
			);
			runOnlyForDeploymentPostprocessing = 0;
		};
		E7D7132B243483E7005D449B /* Sources */ = {
			isa = PBXSourcesBuildPhase;
			buildActionMask = 2147483647;
			files = (
				E7D71334243483E7005D449B /* FishHOOK__Tests.m in Sources */,
			);
			runOnlyForDeploymentPostprocessing = 0;
		};
		E7D71336243483E7005D449B /* Sources */ = {
			isa = PBXSourcesBuildPhase;
			buildActionMask = 2147483647;
			files = (
				E7D7133F243483E7005D449B /* FishHOOK__UITests.m in Sources */,
			);
			runOnlyForDeploymentPostprocessing = 0;
		};
/* End PBXSourcesBuildPhase section */

/* Begin PBXTargetDependency section */
		E7D71331243483E7005D449B /* PBXTargetDependency */ = {
			isa = PBXTargetDependency;
			target = E7D71313243483E5005D449B /* FishHOOK防护 */;
			targetProxy = E7D71330243483E7005D449B /* PBXContainerItemProxy */;
		};
		E7D7133C243483E7005D449B /* PBXTargetDependency */ = {
			isa = PBXTargetDependency;
			target = E7D71313243483E5005D449B /* FishHOOK防护 */;
			targetProxy = E7D7133B243483E7005D449B /* PBXContainerItemProxy */;
		};
/* End PBXTargetDependency section */

/* Begin PBXVariantGroup section */
		E7D71320243483E5005D449B /* Main.storyboard */ = {
			isa = PBXVariantGroup;
			children = (
				E7D71321243483E5005D449B /* Base */,
			);
			name = Main.storyboard;
			sourceTree = "<group>";
		};
		E7D71325243483E7005D449B /* LaunchScreen.storyboard */ = {
			isa = PBXVariantGroup;
			children = (
				E7D71326243483E7005D449B /* Base */,
			);
			name = LaunchScreen.storyboard;
			sourceTree = "<group>";
		};
/* End PBXVariantGroup section */

/* Begin XCBuildConfiguration section */
		E7D71341243483E7005D449B /* Debug */ = {
			isa = XCBuildConfiguration;
			buildSettings = {
				ALWAYS_SEARCH_USER_PATHS = NO;
				CLANG_ANALYZER_NONNULL = YES;
				CLANG_ANALYZER_NUMBER_OBJECT_CONVERSION = YES_AGGRESSIVE;
				CLANG_CXX_LANGUAGE_STANDARD = "gnu++14";
				CLANG_CXX_LIBRARY = "libc++";
				CLANG_ENABLE_MODULES = YES;
				CLANG_ENABLE_OBJC_ARC = YES;
				CLANG_ENABLE_OBJC_WEAK = YES;
				CLANG_WARN_BLOCK_CAPTURE_AUTORELEASING = YES;
				CLANG_WARN_BOOL_CONVERSION = YES;
				CLANG_WARN_COMMA = YES;
				CLANG_WARN_CONSTANT_CONVERSION = YES;
				CLANG_WARN_DEPRECATED_OBJC_IMPLEMENTATIONS = YES;
				CLANG_WARN_DIRECT_OBJC_ISA_USAGE = YES_ERROR;
				CLANG_WARN_DOCUMENTATION_COMMENTS = YES;
				CLANG_WARN_EMPTY_BODY = YES;
				CLANG_WARN_ENUM_CONVERSION = YES;
				CLANG_WARN_INFINITE_RECURSION = YES;
				CLANG_WARN_INT_CONVERSION = YES;
				CLANG_WARN_NON_LITERAL_NULL_CONVERSION = YES;
				CLANG_WARN_OBJC_IMPLICIT_RETAIN_SELF = YES;
				CLANG_WARN_OBJC_LITERAL_CONVERSION = YES;
				CLANG_WARN_OBJC_ROOT_CLASS = YES_ERROR;
				CLANG_WARN_RANGE_LOOP_ANALYSIS = YES;
				CLANG_WARN_STRICT_PROTOTYPES = YES;
				CLANG_WARN_SUSPICIOUS_MOVE = YES;
				CLANG_WARN_UNGUARDED_AVAILABILITY = YES_AGGRESSIVE;
				CLANG_WARN_UNREACHABLE_CODE = YES;
				CLANG_WARN__DUPLICATE_METHOD_MATCH = YES;
				COPY_PHASE_STRIP = NO;
				DEBUG_INFORMATION_FORMAT = dwarf;
				ENABLE_STRICT_OBJC_MSGSEND = YES;
				ENABLE_TESTABILITY = YES;
				GCC_C_LANGUAGE_STANDARD = gnu11;
				GCC_DYNAMIC_NO_PIC = NO;
				GCC_NO_COMMON_BLOCKS = YES;
				GCC_OPTIMIZATION_LEVEL = 0;
				GCC_PREPROCESSOR_DEFINITIONS = (
					"DEBUG=1",
					"$(inherited)",
				);
				GCC_WARN_64_TO_32_BIT_CONVERSION = YES;
				GCC_WARN_ABOUT_RETURN_TYPE = YES_ERROR;
				GCC_WARN_UNDECLARED_SELECTOR = YES;
				GCC_WARN_UNINITIALIZED_AUTOS = YES_AGGRESSIVE;
				GCC_WARN_UNUSED_FUNCTION = YES;
				GCC_WARN_UNUSED_VARIABLE = YES;
				IPHONEOS_DEPLOYMENT_TARGET = 13.2;
				MTL_ENABLE_DEBUG_INFO = INCLUDE_SOURCE;
				MTL_FAST_MATH = YES;
				ONLY_ACTIVE_ARCH = YES;
				SDKROOT = iphoneos;
			};
			name = Debug;
		};
		E7D71342243483E7005D449B /* Release */ = {
			isa = XCBuildConfiguration;
			buildSettings = {
				ALWAYS_SEARCH_USER_PATHS = NO;
				CLANG_ANALYZER_NONNULL = YES;
				CLANG_ANALYZER_NUMBER_OBJECT_CONVERSION = YES_AGGRESSIVE;
				CLANG_CXX_LANGUAGE_STANDARD = "gnu++14";
				CLANG_CXX_LIBRARY = "libc++";
				CLANG_ENABLE_MODULES = YES;
				CLANG_ENABLE_OBJC_ARC = YES;
				CLANG_ENABLE_OBJC_WEAK = YES;
				CLANG_WARN_BLOCK_CAPTURE_AUTORELEASING = YES;
				CLANG_WARN_BOOL_CONVERSION = YES;
				CLANG_WARN_COMMA = YES;
				CLANG_WARN_CONSTANT_CONVERSION = YES;
				CLANG_WARN_DEPRECATED_OBJC_IMPLEMENTATIONS = YES;
				CLANG_WARN_DIRECT_OBJC_ISA_USAGE = YES_ERROR;
				CLANG_WARN_DOCUMENTATION_COMMENTS = YES;
				CLANG_WARN_EMPTY_BODY = YES;
				CLANG_WARN_ENUM_CONVERSION = YES;
				CLANG_WARN_INFINITE_RECURSION = YES;
				CLANG_WARN_INT_CONVERSION = YES;
				CLANG_WARN_NON_LITERAL_NULL_CONVERSION = YES;
				CLANG_WARN_OBJC_IMPLICIT_RETAIN_SELF = YES;
				CLANG_WARN_OBJC_LITERAL_CONVERSION = YES;
				CLANG_WARN_OBJC_ROOT_CLASS = YES_ERROR;
				CLANG_WARN_RANGE_LOOP_ANALYSIS = YES;
				CLANG_WARN_STRICT_PROTOTYPES = YES;
				CLANG_WARN_SUSPICIOUS_MOVE = YES;
				CLANG_WARN_UNGUARDED_AVAILABILITY = YES_AGGRESSIVE;
				CLANG_WARN_UNREACHABLE_CODE = YES;
				CLANG_WARN__DUPLICATE_METHOD_MATCH = YES;
				COPY_PHASE_STRIP = NO;
				DEBUG_INFORMATION_FORMAT = "dwarf-with-dsym";
				ENABLE_NS_ASSERTIONS = NO;
				ENABLE_STRICT_OBJC_MSGSEND = YES;
				GCC_C_LANGUAGE_STANDARD = gnu11;
				GCC_NO_COMMON_BLOCKS = YES;
				GCC_WARN_64_TO_32_BIT_CONVERSION = YES;
				GCC_WARN_ABOUT_RETURN_TYPE = YES_ERROR;
				GCC_WARN_UNDECLARED_SELECTOR = YES;
				GCC_WARN_UNINITIALIZED_AUTOS = YES_AGGRESSIVE;
				GCC_WARN_UNUSED_FUNCTION = YES;
				GCC_WARN_UNUSED_VARIABLE = YES;
				IPHONEOS_DEPLOYMENT_TARGET = 13.2;
				MTL_ENABLE_DEBUG_INFO = NO;
				MTL_FAST_MATH = YES;
				SDKROOT = iphoneos;
				VALIDATE_PRODUCT = YES;
			};
			name = Release;
		};
		E7D71344243483E7005D449B /* Debug */ = {
			isa = XCBuildConfiguration;
			buildSettings = {
				ASSETCATALOG_COMPILER_APPICON_NAME = AppIcon;
				CODE_SIGN_STYLE = Automatic;
				DEVELOPMENT_TEAM = 22XQSQW7E7;
				INFOPLIST_FILE = "FishHOOK防护/Info.plist";
				LD_RUNPATH_SEARCH_PATHS = (
					"$(inherited)",
					"@executable_path/Frameworks",
				);
				PRODUCT_BUNDLE_IDENTIFIER = "com.alan.FishHOOK--";
				PRODUCT_NAME = "$(TARGET_NAME)";
				TARGETED_DEVICE_FAMILY = "1,2";
			};
			name = Debug;
		};
		E7D71345243483E7005D449B /* Release */ = {
			isa = XCBuildConfiguration;
			buildSettings = {
				ASSETCATALOG_COMPILER_APPICON_NAME = AppIcon;
				CODE_SIGN_STYLE = Automatic;
				DEVELOPMENT_TEAM = 22XQSQW7E7;
				INFOPLIST_FILE = "FishHOOK防护/Info.plist";
				LD_RUNPATH_SEARCH_PATHS = (
					"$(inherited)",
					"@executable_path/Frameworks",
				);
				PRODUCT_BUNDLE_IDENTIFIER = "com.alan.FishHOOK--";
				PRODUCT_NAME = "$(TARGET_NAME)";
				TARGETED_DEVICE_FAMILY = "1,2";
			};
			name = Release;
		};
		E7D71347243483E7005D449B /* Debug */ = {
			isa = XCBuildConfiguration;
			buildSettings = {
				BUNDLE_LOADER = "$(TEST_HOST)";
				CODE_SIGN_STYLE = Automatic;
				DEVELOPMENT_TEAM = 22XQSQW7E7;
				INFOPLIST_FILE = "FishHOOK防护Tests/Info.plist";
				IPHONEOS_DEPLOYMENT_TARGET = 13.2;
				LD_RUNPATH_SEARCH_PATHS = (
					"$(inherited)",
					"@executable_path/Frameworks",
					"@loader_path/Frameworks",
				);
				PRODUCT_BUNDLE_IDENTIFIER = "com.alan.FishHOOK--Tests";
				PRODUCT_NAME = "$(TARGET_NAME)";
				TARGETED_DEVICE_FAMILY = "1,2";
				TEST_HOST = "$(BUILT_PRODUCTS_DIR)/FishHOOK防护.app/FishHOOK防护";
			};
			name = Debug;
		};
		E7D71348243483E7005D449B /* Release */ = {
			isa = XCBuildConfiguration;
			buildSettings = {
				BUNDLE_LOADER = "$(TEST_HOST)";
				CODE_SIGN_STYLE = Automatic;
				DEVELOPMENT_TEAM = 22XQSQW7E7;
				INFOPLIST_FILE = "FishHOOK防护Tests/Info.plist";
				IPHONEOS_DEPLOYMENT_TARGET = 13.2;
				LD_RUNPATH_SEARCH_PATHS = (
					"$(inherited)",
					"@executable_path/Frameworks",
					"@loader_path/Frameworks",
				);
				PRODUCT_BUNDLE_IDENTIFIER = "com.alan.FishHOOK--Tests";
				PRODUCT_NAME = "$(TARGET_NAME)";
				TARGETED_DEVICE_FAMILY = "1,2";
				TEST_HOST = "$(BUILT_PRODUCTS_DIR)/FishHOOK防护.app/FishHOOK防护";
			};
			name = Release;
		};
		E7D7134A243483E7005D449B /* Debug */ = {
			isa = XCBuildConfiguration;
			buildSettings = {
				CODE_SIGN_STYLE = Automatic;
				DEVELOPMENT_TEAM = 22XQSQW7E7;
				INFOPLIST_FILE = "FishHOOK防护UITests/Info.plist";
				LD_RUNPATH_SEARCH_PATHS = (
					"$(inherited)",
					"@executable_path/Frameworks",
					"@loader_path/Frameworks",
				);
				PRODUCT_BUNDLE_IDENTIFIER = "com.alan.FishHOOK--UITests";
				PRODUCT_NAME = "$(TARGET_NAME)";
				TARGETED_DEVICE_FAMILY = "1,2";
				TEST_TARGET_NAME = "FishHOOK防护";
			};
			name = Debug;
		};
		E7D7134B243483E7005D449B /* Release */ = {
			isa = XCBuildConfiguration;
			buildSettings = {
				CODE_SIGN_STYLE = Automatic;
				DEVELOPMENT_TEAM = 22XQSQW7E7;
				INFOPLIST_FILE = "FishHOOK防护UITests/Info.plist";
				LD_RUNPATH_SEARCH_PATHS = (
					"$(inherited)",
					"@executable_path/Frameworks",
					"@loader_path/Frameworks",
				);
				PRODUCT_BUNDLE_IDENTIFIER = "com.alan.FishHOOK--UITests";
				PRODUCT_NAME = "$(TARGET_NAME)";
				TARGETED_DEVICE_FAMILY = "1,2";
				TEST_TARGET_NAME = "FishHOOK防护";
			};
			name = Release;
		};
/* End XCBuildConfiguration section */

/* Begin XCConfigurationList section */
		E7D7130F243483E5005D449B /* Build configuration list for PBXProject "FishHOOK防护" */ = {
			isa = XCConfigurationList;
			buildConfigurations = (
				E7D71341243483E7005D449B /* Debug */,
				E7D71342243483E7005D449B /* Release */,
			);
			defaultConfigurationIsVisible = 0;
			defaultConfigurationName = Release;
		};
		E7D71343243483E7005D449B /* Build configuration list for PBXNativeTarget "FishHOOK防护" */ = {
			isa = XCConfigurationList;
			buildConfigurations = (
				E7D71344243483E7005D449B /* Debug */,
				E7D71345243483E7005D449B /* Release */,
			);
			defaultConfigurationIsVisible = 0;
			defaultConfigurationName = Release;
		};
		E7D71346243483E7005D449B /* Build configuration list for PBXNativeTarget "FishHOOK防护Tests" */ = {
			isa = XCConfigurationList;
			buildConfigurations = (
				E7D71347243483E7005D449B /* Debug */,
				E7D71348243483E7005D449B /* Release */,
			);
			defaultConfigurationIsVisible = 0;
			defaultConfigurationName = Release;
		};
		E7D71349243483E7005D449B /* Build configuration list for PBXNativeTarget "FishHOOK防护UITests" */ = {
			isa = XCConfigurationList;
			buildConfigurations = (
				E7D7134A243483E7005D449B /* Debug */,
				E7D7134B243483E7005D449B /* Release */,
			);
			defaultConfigurationIsVisible = 0;
			defaultConfigurationName = Release;
		};
/* End XCConfigurationList section */
	};
	rootObject = E7D7130C243483E5005D449B /* Project object */;
}
